
Microsoft Visual Studio Solution File, Format Version 12.00
# Visual Studio 15
VisualStudioVersion = 15.0.28307.329
MinimumVisualStudioVersion = 10.0.40219.1
Project("{FAE04EC0-301F-11D3-BF4B-00C04F79EFBC}") = "Task3", "Task3\Task3.csproj", "{BDE3F11C-44FC-4095-BF2F-48DD038F3958}"
EndProject
Global
	GlobalSection(SolutionConfigurationPlatforms) = preSolution
		Debug|Any CPU = Debug|Any CPU
		Release|Any CPU = Release|Any CPU
	EndGlobalSection
	GlobalSection(ProjectConfigurationPlatforms) = postSolution
		{BDE3F11C-44FC-4095-BF2F-48DD038F3958}.Debug|Any CPU.ActiveCfg = Debug|Any CPU
		{BDE3F11C-44FC-4095-BF2F-48DD038F3958}.Debug|Any CPU.Build.0 = Debug|Any CPU
		{BDE3F11C-44FC-4095-BF2F-48DD038F3958}.Release|Any CPU.ActiveCfg = Release|Any CPU
		{BDE3F11C-44FC-4095-BF2F-48DD038F3958}.Release|Any CPU.Build.0 = Release|Any CPU
	EndGlobalSection
	GlobalSection(SolutionProperties) = preSolution
		HideSolutionNode = FALSE
	EndGlobalSection
	GlobalSection(ExtensibilityGlobals) = postSolution
		SolutionGuid = {ABD9FF54-6FA2-4B3A-B627-9B70CC48071A}
	EndGlobalSection
EndGlobal
