
Microsoft Visual Studio Solution File, Format Version 12.00
# Visual Studio 15
VisualStudioVersion = 15.0.28307.329
MinimumVisualStudioVersion = 10.0.40219.1
Project("{FAE04EC0-301F-11D3-BF4B-00C04F79EFBC}") = "Task1", "Task1\Task1.csproj", "{441E70A1-C693-4876-BC6A-9C1AAB4B0FC3}"
EndProject
Project("{FAE04EC0-301F-11D3-BF4B-00C04F79EFBC}") = "Task2", "Task2\Task2.csproj", "{4D6C34B3-B30A-476E-ADC1-11815993A162}"
EndProject
Project("{FAE04EC0-301F-11D3-BF4B-00C04F79EFBC}") = "Task3", "Task3\Task3.csproj", "{8537D436-F3D0-4077-87E5-02DD4F6D601A}"
EndProject
Project("{FAE04EC0-301F-11D3-BF4B-00C04F79EFBC}") = "Task4", "Task4\Task4.csproj", "{EF66A64B-15F9-482E-87F2-2C01AF6161A4}"
EndProject
Global
	GlobalSection(SolutionConfigurationPlatforms) = preSolution
		Debug|Any CPU = Debug|Any CPU
		Release|Any CPU = Release|Any CPU
	EndGlobalSection
	GlobalSection(ProjectConfigurationPlatforms) = postSolution
		{441E70A1-C693-4876-BC6A-9C1AAB4B0FC3}.Debug|Any CPU.ActiveCfg = Debug|Any CPU
		{441E70A1-C693-4876-BC6A-9C1AAB4B0FC3}.Debug|Any CPU.Build.0 = Debug|Any CPU
		{441E70A1-C693-4876-BC6A-9C1AAB4B0FC3}.Release|Any CPU.ActiveCfg = Release|Any CPU
		{441E70A1-C693-4876-BC6A-9C1AAB4B0FC3}.Release|Any CPU.Build.0 = Release|Any CPU
		{4D6C34B3-B30A-476E-ADC1-11815993A162}.Debug|Any CPU.ActiveCfg = Debug|Any CPU
		{4D6C34B3-B30A-476E-ADC1-11815993A162}.Debug|Any CPU.Build.0 = Debug|Any CPU
		{4D6C34B3-B30A-476E-ADC1-11815993A162}.Release|Any CPU.ActiveCfg = Release|Any CPU
		{4D6C34B3-B30A-476E-ADC1-11815993A162}.Release|Any CPU.Build.0 = Release|Any CPU
		{8537D436-F3D0-4077-87E5-02DD4F6D601A}.Debug|Any CPU.ActiveCfg = Debug|Any CPU
		{8537D436-F3D0-4077-87E5-02DD4F6D601A}.Debug|Any CPU.Build.0 = Debug|Any CPU
		{8537D436-F3D0-4077-87E5-02DD4F6D601A}.Release|Any CPU.ActiveCfg = Release|Any CPU
		{8537D436-F3D0-4077-87E5-02DD4F6D601A}.Release|Any CPU.Build.0 = Release|Any CPU
		{EF66A64B-15F9-482E-87F2-2C01AF6161A4}.Debug|Any CPU.ActiveCfg = Debug|Any CPU
		{EF66A64B-15F9-482E-87F2-2C01AF6161A4}.Debug|Any CPU.Build.0 = Debug|Any CPU
		{EF66A64B-15F9-482E-87F2-2C01AF6161A4}.Release|Any CPU.ActiveCfg = Release|Any CPU
		{EF66A64B-15F9-482E-87F2-2C01AF6161A4}.Release|Any CPU.Build.0 = Release|Any CPU
	EndGlobalSection
	GlobalSection(SolutionProperties) = preSolution
		HideSolutionNode = FALSE
	EndGlobalSection
	GlobalSection(ExtensibilityGlobals) = postSolution
		SolutionGuid = {73C28886-7CD4-4010-A376-FA75FFE95F0A}
	EndGlobalSection
EndGlobal
