
Microsoft Visual Studio Solution File, Format Version 12.00
# Visual Studio 15
VisualStudioVersion = 15.0.28307.329
MinimumVisualStudioVersion = 10.0.40219.1
Project("{FAE04EC0-301F-11D3-BF4B-00C04F79EFBC}") = "Task1", "Task1\Task1.csproj", "{3E17BB8A-5D18-468E-8A09-6C8D7B83F316}"
EndProject
Global
	GlobalSection(SolutionConfigurationPlatforms) = preSolution
		Debug|Any CPU = Debug|Any CPU
		Release|Any CPU = Release|Any CPU
	EndGlobalSection
	GlobalSection(ProjectConfigurationPlatforms) = postSolution
		{3E17BB8A-5D18-468E-8A09-6C8D7B83F316}.Debug|Any CPU.ActiveCfg = Debug|Any CPU
		{3E17BB8A-5D18-468E-8A09-6C8D7B83F316}.Debug|Any CPU.Build.0 = Debug|Any CPU
		{3E17BB8A-5D18-468E-8A09-6C8D7B83F316}.Release|Any CPU.ActiveCfg = Release|Any CPU
		{3E17BB8A-5D18-468E-8A09-6C8D7B83F316}.Release|Any CPU.Build.0 = Release|Any CPU
	EndGlobalSection
	GlobalSection(SolutionProperties) = preSolution
		HideSolutionNode = FALSE
	EndGlobalSection
	GlobalSection(ExtensibilityGlobals) = postSolution
		SolutionGuid = {D14C8BE5-9AE4-45F7-8DF5-6FA876CDE4C7}
	EndGlobalSection
EndGlobal
